
Microsoft Visual Studio Solution File, Format Version 12.00
# Visual Studio Version 16
VisualStudioVersion = 16.0.810.2
MinimumVisualStudioVersion = 10.0.40219.1
Project("{FAE04EC0-301F-11D3-BF4B-00C04F79EFBC}") = "RealPF", "RealPF\RealPF.csproj", "{3C002B8D-CFDD-49BC-BF80-C385EA519E23}"
EndProject
Global
	GlobalSection(SolutionConfigurationPlatforms) = preSolution
		Debug|Any CPU = Debug|Any CPU
		Release|Any CPU = Release|Any CPU
	EndGlobalSection
	GlobalSection(ProjectConfigurationPlatforms) = postSolution
		{3C002B8D-CFDD-49BC-BF80-C385EA519E23}.Debug|Any CPU.ActiveCfg = Debug|Any CPU
		{3C002B8D-CFDD-49BC-BF80-C385EA519E23}.Debug|Any CPU.Build.0 = Debug|Any CPU
		{3C002B8D-CFDD-49BC-BF80-C385EA519E23}.Release|Any CPU.ActiveCfg = Release|Any CPU
		{3C002B8D-CFDD-49BC-BF80-C385EA519E23}.Release|Any CPU.Build.0 = Release|Any CPU
	EndGlobalSection
	GlobalSection(SolutionProperties) = preSolution
		HideSolutionNode = FALSE
	EndGlobalSection
	GlobalSection(ExtensibilityGlobals) = postSolution
		SolutionGuid = {08A87E01-EBC9-469C-95D5-1176FAA7925E}
	EndGlobalSection
EndGlobal
